
Microsoft Visual Studio Solution File, Format Version 12.00
# Visual Studio Version 17
VisualStudioVersion = 17.3.32825.248
MinimumVisualStudioVersion = 10.0.40219.1
Project("{FAE04EC0-301F-11D3-BF4B-00C04F79EFBC}") = "windows-filesystemsynchronizer", "windows-filesystemsynchronizer\windows-filesystemsynchronizer.csproj", "{6DE7A22B-F66C-4B9B-9DF5-E3EE8C0FCAFF}"
EndProject
Global
	GlobalSection(SolutionConfigurationPlatforms) = preSolution
		Debug|Any CPU = Debug|Any CPU
		Release|Any CPU = Release|Any CPU
	EndGlobalSection
	GlobalSection(ProjectConfigurationPlatforms) = postSolution
		{6DE7A22B-F66C-4B9B-9DF5-E3EE8C0FCAFF}.Debug|Any CPU.ActiveCfg = Debug|Any CPU
		{6DE7A22B-F66C-4B9B-9DF5-E3EE8C0FCAFF}.Debug|Any CPU.Build.0 = Debug|Any CPU
		{6DE7A22B-F66C-4B9B-9DF5-E3EE8C0FCAFF}.Release|Any CPU.ActiveCfg = Release|Any CPU
		{6DE7A22B-F66C-4B9B-9DF5-E3EE8C0FCAFF}.Release|Any CPU.Build.0 = Release|Any CPU
	EndGlobalSection
	GlobalSection(SolutionProperties) = preSolution
		HideSolutionNode = FALSE
	EndGlobalSection
	GlobalSection(ExtensibilityGlobals) = postSolution
		SolutionGuid = {5144D8C8-DA25-4C59-BB61-703BF2588DDA}
	EndGlobalSection
EndGlobal
